<?xml version="1.0" encoding="utf-8"?>
<Project ToolsVersion="4.0" xmlns="http://schemas.microsoft.com/developer/msbuild/2003">
  <ItemGroup>
    <ClCompile Include="AssemblyInfo.cpp">
      <Filter>Source Files</Filter>
    </ClCompile>
    <ClCompile Include="functions.cpp">
      <Filter>Source Files</Filter>
    </ClCompile>
    <ClCompile Include="functionsAti.cpp">
      <Filter>Source Files</Filter>
    </ClCompile>
    <ClCompile Include="functionsPhidgets.cpp">
      <Filter>Source Files</Filter>
    </ClCompile>
    <ClCompile Include="functionsNi.cpp">
      <Filter>Source Files</Filter>
    </ClCompile>
    <ClCompile Include="functionsSimulink.cpp">
      <Filter>Source Files</Filter>
    </ClCompile>
    <ClCompile Include="serial.cpp">
      <Filter>Source Files</Filter>
    </ClCompile>
    <ClCompile Include="stdafx.cpp">
      <Filter>Source Files</Filter>
    </ClCompile>
    <ClCompile Include="mainForm.cpp">
      <Filter>Source Files</Filter>
    </ClCompile>
  </ItemGroup>
  <ItemGroup>
    <Filter Include="Header Files">
      <UniqueIdentifier>{91273039-74e9-43d3-9637-7dfede57936c}</UniqueIdentifier>
    </Filter>
    <Filter Include="Source Files">
      <UniqueIdentifier>{acc14ac8-99b8-49b0-bf62-3742bc953c94}</UniqueIdentifier>
    </Filter>
  </ItemGroup>
  <ItemGroup>
    <ClInclude Include="resource.h" />
    <ClInclude Include="stdafx.h" />
    <ClInclude Include="include\declsAti.h">
      <Filter>Header Files</Filter>
    </ClInclude>
    <ClInclude Include="include\declsNi.h">
      <Filter>Header Files</Filter>
    </ClInclude>
    <ClInclude Include="include\declsPhidgets.h">
      <Filter>Header Files</Filter>
    </ClInclude>
    <ClInclude Include="include\defs.h">
      <Filter>Header Files</Filter>
    </ClInclude>
    <ClInclude Include="include\functions.h">
      <Filter>Header Files</Filter>
    </ClInclude>
    <ClInclude Include="include\functionsAti.h">
      <Filter>Header Files</Filter>
    </ClInclude>
    <ClInclude Include="include\functionsNi.h">
      <Filter>Header Files</Filter>
    </ClInclude>
    <ClInclude Include="include\functionsPhidgets.h">
      <Filter>Header Files</Filter>
    </ClInclude>
    <ClInclude Include="include\functionsSimulink.h">
      <Filter>Header Files</Filter>
    </ClInclude>
    <ClInclude Include="include\serial.h">
      <Filter>Header Files</Filter>
    </ClInclude>
  </ItemGroup>
  <ItemGroup>
    <Image Include="app.ico">
      <Filter>Source Files</Filter>
    </Image>
  </ItemGroup>
  <ItemGroup>
    <ResourceCompile Include="app.rc">
      <Filter>Source Files</Filter>
    </ResourceCompile>
  </ItemGroup>
</Project>